
Microsoft Visual Studio Solution File, Format Version 12.00
# Visual Studio Version 17
VisualStudioVersion = 17.2.32616.157
MinimumVisualStudioVersion = 10.0.40219.1
Project("{FAE04EC0-301F-11D3-BF4B-00C04F79EFBC}") = "ReleaseTool", "ReleaseTool\ReleaseTool.csproj", "{0984C4CE-3876-4A1F-BDC5-CA546737E8DD}"
EndProject
Global
	GlobalSection(SolutionConfigurationPlatforms) = preSolution
		Debug|Any CPU = Debug|Any CPU
		Release|Any CPU = Release|Any CPU
	EndGlobalSection
	GlobalSection(ProjectConfigurationPlatforms) = postSolution
		{0984C4CE-3876-4A1F-BDC5-CA546737E8DD}.Debug|Any CPU.ActiveCfg = Debug|Any CPU
		{0984C4CE-3876-4A1F-BDC5-CA546737E8DD}.Debug|Any CPU.Build.0 = Debug|Any CPU
		{0984C4CE-3876-4A1F-BDC5-CA546737E8DD}.Release|Any CPU.ActiveCfg = Release|Any CPU
		{0984C4CE-3876-4A1F-BDC5-CA546737E8DD}.Release|Any CPU.Build.0 = Release|Any CPU
	EndGlobalSection
	GlobalSection(SolutionProperties) = preSolution
		HideSolutionNode = FALSE
	EndGlobalSection
	GlobalSection(ExtensibilityGlobals) = postSolution
		SolutionGuid = {5328A166-331A-46D6-878E-9288FF9ED74A}
	EndGlobalSection
EndGlobal
